
Microsoft Visual Studio Solution File, Format Version 12.00
# Visual Studio Version 17
VisualStudioVersion = 17.14.36203.30 d17.14
MinimumVisualStudioVersion = 10.0.40219.1
Project("{54A90642-561A-4BB1-A94E-469ADEE60C69}") = "sistemaalumnos.client", "sistemaalumnos.client\sistemaalumnos.client.esproj", "{7527FF07-DF85-E4FD-4E92-56F73644E24D}"
EndProject
Project("{FAE04EC0-301F-11D3-BF4B-00C04F79EFBC}") = "SistemaAlumnos.Server", "SistemaAlumnos.Server\SistemaAlumnos.Server.csproj", "{8C94E791-FDCE-4D35-92C5-7CD82E05796D}"
EndProject
Global
	GlobalSection(SolutionConfigurationPlatforms) = preSolution
		Debug|Any CPU = Debug|Any CPU
		Release|Any CPU = Release|Any CPU
	EndGlobalSection
	GlobalSection(ProjectConfigurationPlatforms) = postSolution
		{7527FF07-DF85-E4FD-4E92-56F73644E24D}.Debug|Any CPU.ActiveCfg = Debug|Any CPU
		{7527FF07-DF85-E4FD-4E92-56F73644E24D}.Debug|Any CPU.Build.0 = Debug|Any CPU
		{7527FF07-DF85-E4FD-4E92-56F73644E24D}.Debug|Any CPU.Deploy.0 = Debug|Any CPU
		{7527FF07-DF85-E4FD-4E92-56F73644E24D}.Release|Any CPU.ActiveCfg = Release|Any CPU
		{7527FF07-DF85-E4FD-4E92-56F73644E24D}.Release|Any CPU.Build.0 = Release|Any CPU
		{7527FF07-DF85-E4FD-4E92-56F73644E24D}.Release|Any CPU.Deploy.0 = Release|Any CPU
		{8C94E791-FDCE-4D35-92C5-7CD82E05796D}.Debug|Any CPU.ActiveCfg = Debug|Any CPU
		{8C94E791-FDCE-4D35-92C5-7CD82E05796D}.Debug|Any CPU.Build.0 = Debug|Any CPU
		{8C94E791-FDCE-4D35-92C5-7CD82E05796D}.Release|Any CPU.ActiveCfg = Release|Any CPU
		{8C94E791-FDCE-4D35-92C5-7CD82E05796D}.Release|Any CPU.Build.0 = Release|Any CPU
	EndGlobalSection
	GlobalSection(SolutionProperties) = preSolution
		HideSolutionNode = FALSE
	EndGlobalSection
	GlobalSection(ExtensibilityGlobals) = postSolution
		SolutionGuid = {F93F469A-237F-4914-909A-42D147A51E13}
	EndGlobalSection
EndGlobal
